
Microsoft Visual Studio Solution File, Format Version 12.00
# Visual Studio 15
VisualStudioVersion = 15.0.27428.2005
MinimumVisualStudioVersion = 10.0.40219.1
Project("{FAE04EC0-301F-11D3-BF4B-00C04F79EFBC}") = "KolokwiumPierwszy", "KolokwiumPierwszy\KolokwiumPierwszy.csproj", "{AC77C92B-C90E-4F6B-9CD4-A48A72835F9A}"
EndProject
Global
	GlobalSection(SolutionConfigurationPlatforms) = preSolution
		Debug|Any CPU = Debug|Any CPU
		Release|Any CPU = Release|Any CPU
	EndGlobalSection
	GlobalSection(ProjectConfigurationPlatforms) = postSolution
		{AC77C92B-C90E-4F6B-9CD4-A48A72835F9A}.Debug|Any CPU.ActiveCfg = Debug|Any CPU
		{AC77C92B-C90E-4F6B-9CD4-A48A72835F9A}.Debug|Any CPU.Build.0 = Debug|Any CPU
		{AC77C92B-C90E-4F6B-9CD4-A48A72835F9A}.Release|Any CPU.ActiveCfg = Release|Any CPU
		{AC77C92B-C90E-4F6B-9CD4-A48A72835F9A}.Release|Any CPU.Build.0 = Release|Any CPU
	EndGlobalSection
	GlobalSection(SolutionProperties) = preSolution
		HideSolutionNode = FALSE
	EndGlobalSection
	GlobalSection(ExtensibilityGlobals) = postSolution
		SolutionGuid = {CF2112F1-0892-4375-B2F6-7532C81CB77D}
	EndGlobalSection
EndGlobal
